
Microsoft Visual Studio Solution File, Format Version 12.00
# Visual Studio 2013
VisualStudioVersion = 12.0.31101.0
MinimumVisualStudioVersion = 10.0.40219.1
Project("{FAE04EC0-301F-11D3-BF4B-00C04F79EFBC}") = "AttendanceTracker", "AttendanceTracker\AttendanceTracker.csproj", "{A742960F-2F9D-4A12-AACD-D390BBB0CED3}"
EndProject
Project("{FAE04EC0-301F-11D3-BF4B-00C04F79EFBC}") = "SchedulerService", "SchedulerService\SchedulerService.csproj", "{5F58706B-4F65-4E4E-AC54-73B4486CBA28}"
EndProject
Global
	GlobalSection(SolutionConfigurationPlatforms) = preSolution
		Debug|Any CPU = Debug|Any CPU
		Release|Any CPU = Release|Any CPU
	EndGlobalSection
	GlobalSection(ProjectConfigurationPlatforms) = postSolution
		{A742960F-2F9D-4A12-AACD-D390BBB0CED3}.Debug|Any CPU.ActiveCfg = Debug|Any CPU
		{A742960F-2F9D-4A12-AACD-D390BBB0CED3}.Debug|Any CPU.Build.0 = Debug|Any CPU
		{A742960F-2F9D-4A12-AACD-D390BBB0CED3}.Release|Any CPU.ActiveCfg = Release|Any CPU
		{A742960F-2F9D-4A12-AACD-D390BBB0CED3}.Release|Any CPU.Build.0 = Release|Any CPU
		{5F58706B-4F65-4E4E-AC54-73B4486CBA28}.Debug|Any CPU.ActiveCfg = Debug|Any CPU
		{5F58706B-4F65-4E4E-AC54-73B4486CBA28}.Debug|Any CPU.Build.0 = Debug|Any CPU
		{5F58706B-4F65-4E4E-AC54-73B4486CBA28}.Release|Any CPU.ActiveCfg = Release|Any CPU
		{5F58706B-4F65-4E4E-AC54-73B4486CBA28}.Release|Any CPU.Build.0 = Release|Any CPU
	EndGlobalSection
	GlobalSection(SolutionProperties) = preSolution
		HideSolutionNode = FALSE
	EndGlobalSection
EndGlobal
